
Microsoft Visual Studio Solution File, Format Version 12.00
# Visual Studio Version 17
VisualStudioVersion = 17.2.32516.85
MinimumVisualStudioVersion = 10.0.40219.1
Project("{FAE04EC0-301F-11D3-BF4B-00C04F79EFBC}") = "CSharpAvanzado", "CSharpAvanzado\CSharpAvanzado.csproj", "{8E5F8A97-E2E2-4D6A-BC57-9AE3734952F8}"
EndProject
Project("{FAE04EC0-301F-11D3-BF4B-00C04F79EFBC}") = "Colecciones_BitArray", "Colecciones_BitArray\Colecciones_BitArray.csproj", "{1E4A1DF8-EF6F-43D0-ABAA-602CB80475C6}"
EndProject
Project("{FAE04EC0-301F-11D3-BF4B-00C04F79EFBC}") = "Colecciones_HashTables", "Colecciones_HashTables\Colecciones_HashTables.csproj", "{8F344BFA-D0DF-4093-B9D8-7E16E7129B20}"
EndProject
Project("{FAE04EC0-301F-11D3-BF4B-00C04F79EFBC}") = "Colecciones_Queue", "Colecciones_Queue\Colecciones_Queue.csproj", "{D7F3F496-F3B5-4CDD-8C8F-C8B28DB05239}"
EndProject
Project("{FAE04EC0-301F-11D3-BF4B-00C04F79EFBC}") = "Colecciones_SortedList", "Colecciones_SortedList\Colecciones_SortedList.csproj", "{FF6265E7-B6CF-4615-A993-FEEF1430AF4F}"
EndProject
Project("{FAE04EC0-301F-11D3-BF4B-00C04F79EFBC}") = "Coleccion_Stack", "Coleccion_Stack\Coleccion_Stack.csproj", "{6F3788DA-937B-4A6F-B4CA-D906B4E61DB5}"
EndProject
Project("{FAE04EC0-301F-11D3-BF4B-00C04F79EFBC}") = "ColeccionesGenericas01", "ColeccionesGenericas01\ColeccionesGenericas01.csproj", "{E6A77A1C-485B-481E-962D-C9410410A71C}"
EndProject
Project("{FAE04EC0-301F-11D3-BF4B-00C04F79EFBC}") = "Genericos02", "Genericos02\Genericos02.csproj", "{23826CE2-97D2-4CCA-8BD8-790AA363BE13}"
EndProject
Project("{FAE04EC0-301F-11D3-BF4B-00C04F79EFBC}") = "Dynamic", "Dynamic\Dynamic.csproj", "{CF60CC50-B399-42A2-9A28-E89D647D8307}"
EndProject
Project("{FAE04EC0-301F-11D3-BF4B-00C04F79EFBC}") = "MetodosGenericos01", "MetodosGenericos01\MetodosGenericos01.csproj", "{67FC9572-8F66-46D6-B06D-4D7A6A18A4ED}"
EndProject
Project("{FAE04EC0-301F-11D3-BF4B-00C04F79EFBC}") = "ClasesGenericas01", "ClasesGenericas01\ClasesGenericas01.csproj", "{F8257A41-BE02-4FD8-A420-7AAFC425FF43}"
EndProject
Project("{FAE04EC0-301F-11D3-BF4B-00C04F79EFBC}") = "Parametros_Valor_vs_Referencia", "Parametros_Valor_vs_Referencia\Parametros_Valor_vs_Referencia.csproj", "{21D5D706-47EE-429D-AB46-077F3BD61469}"
EndProject
Global
	GlobalSection(SolutionConfigurationPlatforms) = preSolution
		Debug|Any CPU = Debug|Any CPU
		Release|Any CPU = Release|Any CPU
	EndGlobalSection
	GlobalSection(ProjectConfigurationPlatforms) = postSolution
		{8E5F8A97-E2E2-4D6A-BC57-9AE3734952F8}.Debug|Any CPU.ActiveCfg = Debug|Any CPU
		{8E5F8A97-E2E2-4D6A-BC57-9AE3734952F8}.Debug|Any CPU.Build.0 = Debug|Any CPU
		{8E5F8A97-E2E2-4D6A-BC57-9AE3734952F8}.Release|Any CPU.ActiveCfg = Release|Any CPU
		{8E5F8A97-E2E2-4D6A-BC57-9AE3734952F8}.Release|Any CPU.Build.0 = Release|Any CPU
		{1E4A1DF8-EF6F-43D0-ABAA-602CB80475C6}.Debug|Any CPU.ActiveCfg = Debug|Any CPU
		{1E4A1DF8-EF6F-43D0-ABAA-602CB80475C6}.Debug|Any CPU.Build.0 = Debug|Any CPU
		{1E4A1DF8-EF6F-43D0-ABAA-602CB80475C6}.Release|Any CPU.ActiveCfg = Release|Any CPU
		{1E4A1DF8-EF6F-43D0-ABAA-602CB80475C6}.Release|Any CPU.Build.0 = Release|Any CPU
		{8F344BFA-D0DF-4093-B9D8-7E16E7129B20}.Debug|Any CPU.ActiveCfg = Debug|Any CPU
		{8F344BFA-D0DF-4093-B9D8-7E16E7129B20}.Debug|Any CPU.Build.0 = Debug|Any CPU
		{8F344BFA-D0DF-4093-B9D8-7E16E7129B20}.Release|Any CPU.ActiveCfg = Release|Any CPU
		{8F344BFA-D0DF-4093-B9D8-7E16E7129B20}.Release|Any CPU.Build.0 = Release|Any CPU
		{D7F3F496-F3B5-4CDD-8C8F-C8B28DB05239}.Debug|Any CPU.ActiveCfg = Debug|Any CPU
		{D7F3F496-F3B5-4CDD-8C8F-C8B28DB05239}.Debug|Any CPU.Build.0 = Debug|Any CPU
		{D7F3F496-F3B5-4CDD-8C8F-C8B28DB05239}.Release|Any CPU.ActiveCfg = Release|Any CPU
		{D7F3F496-F3B5-4CDD-8C8F-C8B28DB05239}.Release|Any CPU.Build.0 = Release|Any CPU
		{FF6265E7-B6CF-4615-A993-FEEF1430AF4F}.Debug|Any CPU.ActiveCfg = Debug|Any CPU
		{FF6265E7-B6CF-4615-A993-FEEF1430AF4F}.Debug|Any CPU.Build.0 = Debug|Any CPU
		{FF6265E7-B6CF-4615-A993-FEEF1430AF4F}.Release|Any CPU.ActiveCfg = Release|Any CPU
		{FF6265E7-B6CF-4615-A993-FEEF1430AF4F}.Release|Any CPU.Build.0 = Release|Any CPU
		{6F3788DA-937B-4A6F-B4CA-D906B4E61DB5}.Debug|Any CPU.ActiveCfg = Debug|Any CPU
		{6F3788DA-937B-4A6F-B4CA-D906B4E61DB5}.Debug|Any CPU.Build.0 = Debug|Any CPU
		{6F3788DA-937B-4A6F-B4CA-D906B4E61DB5}.Release|Any CPU.ActiveCfg = Release|Any CPU
		{6F3788DA-937B-4A6F-B4CA-D906B4E61DB5}.Release|Any CPU.Build.0 = Release|Any CPU
		{E6A77A1C-485B-481E-962D-C9410410A71C}.Debug|Any CPU.ActiveCfg = Debug|Any CPU
		{E6A77A1C-485B-481E-962D-C9410410A71C}.Debug|Any CPU.Build.0 = Debug|Any CPU
		{E6A77A1C-485B-481E-962D-C9410410A71C}.Release|Any CPU.ActiveCfg = Release|Any CPU
		{E6A77A1C-485B-481E-962D-C9410410A71C}.Release|Any CPU.Build.0 = Release|Any CPU
		{23826CE2-97D2-4CCA-8BD8-790AA363BE13}.Debug|Any CPU.ActiveCfg = Debug|Any CPU
		{23826CE2-97D2-4CCA-8BD8-790AA363BE13}.Debug|Any CPU.Build.0 = Debug|Any CPU
		{23826CE2-97D2-4CCA-8BD8-790AA363BE13}.Release|Any CPU.ActiveCfg = Release|Any CPU
		{23826CE2-97D2-4CCA-8BD8-790AA363BE13}.Release|Any CPU.Build.0 = Release|Any CPU
		{CF60CC50-B399-42A2-9A28-E89D647D8307}.Debug|Any CPU.ActiveCfg = Debug|Any CPU
		{CF60CC50-B399-42A2-9A28-E89D647D8307}.Debug|Any CPU.Build.0 = Debug|Any CPU
		{CF60CC50-B399-42A2-9A28-E89D647D8307}.Release|Any CPU.ActiveCfg = Release|Any CPU
		{CF60CC50-B399-42A2-9A28-E89D647D8307}.Release|Any CPU.Build.0 = Release|Any CPU
		{67FC9572-8F66-46D6-B06D-4D7A6A18A4ED}.Debug|Any CPU.ActiveCfg = Debug|Any CPU
		{67FC9572-8F66-46D6-B06D-4D7A6A18A4ED}.Debug|Any CPU.Build.0 = Debug|Any CPU
		{67FC9572-8F66-46D6-B06D-4D7A6A18A4ED}.Release|Any CPU.ActiveCfg = Release|Any CPU
		{67FC9572-8F66-46D6-B06D-4D7A6A18A4ED}.Release|Any CPU.Build.0 = Release|Any CPU
		{F8257A41-BE02-4FD8-A420-7AAFC425FF43}.Debug|Any CPU.ActiveCfg = Debug|Any CPU
		{F8257A41-BE02-4FD8-A420-7AAFC425FF43}.Debug|Any CPU.Build.0 = Debug|Any CPU
		{F8257A41-BE02-4FD8-A420-7AAFC425FF43}.Release|Any CPU.ActiveCfg = Release|Any CPU
		{F8257A41-BE02-4FD8-A420-7AAFC425FF43}.Release|Any CPU.Build.0 = Release|Any CPU
		{21D5D706-47EE-429D-AB46-077F3BD61469}.Debug|Any CPU.ActiveCfg = Debug|Any CPU
		{21D5D706-47EE-429D-AB46-077F3BD61469}.Debug|Any CPU.Build.0 = Debug|Any CPU
		{21D5D706-47EE-429D-AB46-077F3BD61469}.Release|Any CPU.ActiveCfg = Release|Any CPU
		{21D5D706-47EE-429D-AB46-077F3BD61469}.Release|Any CPU.Build.0 = Release|Any CPU
	EndGlobalSection
	GlobalSection(SolutionProperties) = preSolution
		HideSolutionNode = FALSE
	EndGlobalSection
	GlobalSection(ExtensibilityGlobals) = postSolution
		SolutionGuid = {D3E5B294-AAD5-4323-9341-012F3C7BAF05}
	EndGlobalSection
EndGlobal
